
Microsoft Visual Studio Solution File, Format Version 12.00
# Visual Studio Version 16
VisualStudioVersion = 16.0.30523.141
MinimumVisualStudioVersion = 10.0.40219.1
Project("{FAE04EC0-301F-11D3-BF4B-00C04F79EFBC}") = "Disk information", "Disk information\Disk information.csproj", "{CE141FE9-B680-4006-B298-13B187C43A7A}"
EndProject
Global
	GlobalSection(SolutionConfigurationPlatforms) = preSolution
		Debug|Any CPU = Debug|Any CPU
		Release|Any CPU = Release|Any CPU
	EndGlobalSection
	GlobalSection(ProjectConfigurationPlatforms) = postSolution
		{CE141FE9-B680-4006-B298-13B187C43A7A}.Debug|Any CPU.ActiveCfg = Debug|Any CPU
		{CE141FE9-B680-4006-B298-13B187C43A7A}.Debug|Any CPU.Build.0 = Debug|Any CPU
		{CE141FE9-B680-4006-B298-13B187C43A7A}.Release|Any CPU.ActiveCfg = Release|Any CPU
		{CE141FE9-B680-4006-B298-13B187C43A7A}.Release|Any CPU.Build.0 = Release|Any CPU
	EndGlobalSection
	GlobalSection(SolutionProperties) = preSolution
		HideSolutionNode = FALSE
	EndGlobalSection
	GlobalSection(ExtensibilityGlobals) = postSolution
		SolutionGuid = {A5C10956-6227-461F-BA06-040510DACD0F}
	EndGlobalSection
EndGlobal
